// !$*UTF8*$!
{
	archiveVersion = 1;
	classes = {
	};
	objectVersion = 55;
	objects = {

/* Begin PBXBuildFile section */
		4E1550842A9E049100C8A500 /* DiaryListCell.swift in Sources */ = {isa = PBXBuildFile; fileRef = 4E1550832A9E049100C8A500 /* DiaryListCell.swift */; };
		4E1550892A9E0C6500C8A500 /* CustomStackView.swift in Sources */ = {isa = PBXBuildFile; fileRef = 4E1550882A9E0C6500C8A500 /* CustomStackView.swift */; };
		4E15508B2A9E0DF500C8A500 /* CustomLabel.swift in Sources */ = {isa = PBXBuildFile; fileRef = 4E15508A2A9E0DF500C8A500 /* CustomLabel.swift */; };
		4E98A38F2A9CA57B003052D3 /* AppDelegate.swift in Sources */ = {isa = PBXBuildFile; fileRef = 4E98A38E2A9CA57B003052D3 /* AppDelegate.swift */; };
		4E98A3912A9CA57B003052D3 /* SceneDelegate.swift in Sources */ = {isa = PBXBuildFile; fileRef = 4E98A3902A9CA57B003052D3 /* SceneDelegate.swift */; };
		4E98A3932A9CA57B003052D3 /* TabBarController.swift in Sources */ = {isa = PBXBuildFile; fileRef = 4E98A3922A9CA57B003052D3 /* TabBarController.swift */; };
		4E98A3982A9CA57E003052D3 /* Assets.xcassets in Resources */ = {isa = PBXBuildFile; fileRef = 4E98A3972A9CA57E003052D3 /* Assets.xcassets */; };
		4E98A39B2A9CA57E003052D3 /* LaunchScreen.storyboard in Resources */ = {isa = PBXBuildFile; fileRef = 4E98A3992A9CA57E003052D3 /* LaunchScreen.storyboard */; };
		4E98A3A32A9CA634003052D3 /* HomeViewController.swift in Sources */ = {isa = PBXBuildFile; fileRef = 4E98A3A22A9CA634003052D3 /* HomeViewController.swift */; };
		4E98A3A62A9CA6A6003052D3 /* NewDiaryViewController.swift in Sources */ = {isa = PBXBuildFile; fileRef = 4E98A3A52A9CA6A6003052D3 /* NewDiaryViewController.swift */; };
		4E98A3A82A9CA6B6003052D3 /* EditDiaryViewController.swift in Sources */ = {isa = PBXBuildFile; fileRef = 4E98A3A72A9CA6B6003052D3 /* EditDiaryViewController.swift */; };
		4E98A3AA2A9CA6F6003052D3 /* ProgressListViewController.swift in Sources */ = {isa = PBXBuildFile; fileRef = 4E98A3A92A9CA6F6003052D3 /* ProgressListViewController.swift */; };
		4E98A3AC2A9CA70B003052D3 /* DiaryListViewController.swift in Sources */ = {isa = PBXBuildFile; fileRef = 4E98A3AB2A9CA70B003052D3 /* DiaryListViewController.swift */; };
		4E98A3AE2A9CA748003052D3 /* DetailDiaryViewController.swift in Sources */ = {isa = PBXBuildFile; fileRef = 4E98A3AD2A9CA748003052D3 /* DetailDiaryViewController.swift */; };
		4E98A3B02A9CA762003052D3 /* DiaryProgressViewController.swift in Sources */ = {isa = PBXBuildFile; fileRef = 4E98A3AF2A9CA762003052D3 /* DiaryProgressViewController.swift */; };
		4E98A3B22A9CA781003052D3 /* DiaryCalenderViewController.swift in Sources */ = {isa = PBXBuildFile; fileRef = 4E98A3B12A9CA781003052D3 /* DiaryCalenderViewController.swift */; };
		4E98A3B62A9CAA16003052D3 /* ProfileViewController.swift in Sources */ = {isa = PBXBuildFile; fileRef = 4E98A3B52A9CAA16003052D3 /* ProfileViewController.swift */; };
		4E98A3B82A9CAD27003052D3 /* User.swift in Sources */ = {isa = PBXBuildFile; fileRef = 4E98A3B72A9CAD27003052D3 /* User.swift */; };
		4E98A3BA2A9CAD60003052D3 /* Weather.swift in Sources */ = {isa = PBXBuildFile; fileRef = 4E98A3B92A9CAD60003052D3 /* Weather.swift */; };
		4E98A3BD2A9CB918003052D3 /* CustomCollectionView.swift in Sources */ = {isa = PBXBuildFile; fileRef = 4E98A3BC2A9CB918003052D3 /* CustomCollectionView.swift */; };
		4E98A3BF2A9CBA1B003052D3 /* HomeFeedCell.swift in Sources */ = {isa = PBXBuildFile; fileRef = 4E98A3BE2A9CBA1B003052D3 /* HomeFeedCell.swift */; };
		4E98A3C12A9CCFB8003052D3 /* CustomImageView.swift in Sources */ = {isa = PBXBuildFile; fileRef = 4E98A3C02A9CCFB8003052D3 /* CustomImageView.swift */; };
/* End PBXBuildFile section */

/* Begin PBXFileReference section */
		4E1550832A9E049100C8A500 /* DiaryListCell.swift */ = {isa = PBXFileReference; lastKnownFileType = sourcecode.swift; path = DiaryListCell.swift; sourceTree = "<group>"; };
		4E1550882A9E0C6500C8A500 /* CustomStackView.swift */ = {isa = PBXFileReference; lastKnownFileType = sourcecode.swift; path = CustomStackView.swift; sourceTree = "<group>"; };
		4E15508A2A9E0DF500C8A500 /* CustomLabel.swift */ = {isa = PBXFileReference; lastKnownFileType = sourcecode.swift; path = CustomLabel.swift; sourceTree = "<group>"; };
		4E98A38B2A9CA57B003052D3 /* DiaryApp.app */ = {isa = PBXFileReference; explicitFileType = wrapper.application; includeInIndex = 0; path = DiaryApp.app; sourceTree = BUILT_PRODUCTS_DIR; };
		4E98A38E2A9CA57B003052D3 /* AppDelegate.swift */ = {isa = PBXFileReference; lastKnownFileType = sourcecode.swift; path = AppDelegate.swift; sourceTree = "<group>"; };
		4E98A3902A9CA57B003052D3 /* SceneDelegate.swift */ = {isa = PBXFileReference; lastKnownFileType = sourcecode.swift; path = SceneDelegate.swift; sourceTree = "<group>"; };
		4E98A3922A9CA57B003052D3 /* TabBarController.swift */ = {isa = PBXFileReference; lastKnownFileType = sourcecode.swift; path = TabBarController.swift; sourceTree = "<group>"; };
		4E98A3972A9CA57E003052D3 /* Assets.xcassets */ = {isa = PBXFileReference; lastKnownFileType = folder.assetcatalog; path = Assets.xcassets; sourceTree = "<group>"; };
		4E98A39A2A9CA57E003052D3 /* Base */ = {isa = PBXFileReference; lastKnownFileType = file.storyboard; name = Base; path = Base.lproj/LaunchScreen.storyboard; sourceTree = "<group>"; };
		4E98A39C2A9CA57E003052D3 /* Info.plist */ = {isa = PBXFileReference; lastKnownFileType = text.plist.xml; path = Info.plist; sourceTree = "<group>"; };
		4E98A3A22A9CA634003052D3 /* HomeViewController.swift */ = {isa = PBXFileReference; lastKnownFileType = sourcecode.swift; path = HomeViewController.swift; sourceTree = "<group>"; };
		4E98A3A52A9CA6A6003052D3 /* NewDiaryViewController.swift */ = {isa = PBXFileReference; lastKnownFileType = sourcecode.swift; path = NewDiaryViewController.swift; sourceTree = "<group>"; };
		4E98A3A72A9CA6B6003052D3 /* EditDiaryViewController.swift */ = {isa = PBXFileReference; lastKnownFileType = sourcecode.swift; path = EditDiaryViewController.swift; sourceTree = "<group>"; };
		4E98A3A92A9CA6F6003052D3 /* ProgressListViewController.swift */ = {isa = PBXFileReference; lastKnownFileType = sourcecode.swift; path = ProgressListViewController.swift; sourceTree = "<group>"; };
		4E98A3AB2A9CA70B003052D3 /* DiaryListViewController.swift */ = {isa = PBXFileReference; lastKnownFileType = sourcecode.swift; path = DiaryListViewController.swift; sourceTree = "<group>"; };
		4E98A3AD2A9CA748003052D3 /* DetailDiaryViewController.swift */ = {isa = PBXFileReference; lastKnownFileType = sourcecode.swift; path = DetailDiaryViewController.swift; sourceTree = "<group>"; };
		4E98A3AF2A9CA762003052D3 /* DiaryProgressViewController.swift */ = {isa = PBXFileReference; lastKnownFileType = sourcecode.swift; path = DiaryProgressViewController.swift; sourceTree = "<group>"; };
		4E98A3B12A9CA781003052D3 /* DiaryCalenderViewController.swift */ = {isa = PBXFileReference; lastKnownFileType = sourcecode.swift; path = DiaryCalenderViewController.swift; sourceTree = "<group>"; };
		4E98A3B52A9CAA16003052D3 /* ProfileViewController.swift */ = {isa = PBXFileReference; lastKnownFileType = sourcecode.swift; path = ProfileViewController.swift; sourceTree = "<group>"; };
		4E98A3B72A9CAD27003052D3 /* User.swift */ = {isa = PBXFileReference; lastKnownFileType = sourcecode.swift; path = User.swift; sourceTree = "<group>"; };
		4E98A3B92A9CAD60003052D3 /* Weather.swift */ = {isa = PBXFileReference; lastKnownFileType = sourcecode.swift; path = Weather.swift; sourceTree = "<group>"; };
		4E98A3BC2A9CB918003052D3 /* CustomCollectionView.swift */ = {isa = PBXFileReference; fileEncoding = 4; lastKnownFileType = sourcecode.swift; path = CustomCollectionView.swift; sourceTree = "<group>"; };
		4E98A3BE2A9CBA1B003052D3 /* HomeFeedCell.swift */ = {isa = PBXFileReference; lastKnownFileType = sourcecode.swift; path = HomeFeedCell.swift; sourceTree = "<group>"; };
		4E98A3C02A9CCFB8003052D3 /* CustomImageView.swift */ = {isa = PBXFileReference; lastKnownFileType = sourcecode.swift; path = CustomImageView.swift; sourceTree = "<group>"; };
/* End PBXFileReference section */

/* Begin PBXFrameworksBuildPhase section */
		4E98A3882A9CA57B003052D3 /* Frameworks */ = {
			isa = PBXFrameworksBuildPhase;
			buildActionMask = 2147483647;
			files = (
			);
			runOnlyForDeploymentPostprocessing = 0;
		};
/* End PBXFrameworksBuildPhase section */

/* Begin PBXGroup section */
		4E1550852A9E0BBB00C8A500 /* Cells */ = {
			isa = PBXGroup;
			children = (
				4E1550832A9E049100C8A500 /* DiaryListCell.swift */,
				4E98A3BE2A9CBA1B003052D3 /* HomeFeedCell.swift */,
			);
			path = Cells;
			sourceTree = "<group>";
		};
		4E98A3822A9CA57B003052D3 = {
			isa = PBXGroup;
			children = (
				4E98A38D2A9CA57B003052D3 /* DiaryApp */,
				4E98A38C2A9CA57B003052D3 /* Products */,
			);
			sourceTree = "<group>";
		};
		4E98A38C2A9CA57B003052D3 /* Products */ = {
			isa = PBXGroup;
			children = (
				4E98A38B2A9CA57B003052D3 /* DiaryApp.app */,
			);
			name = Products;
			sourceTree = "<group>";
		};
		4E98A38D2A9CA57B003052D3 /* DiaryApp */ = {
			isa = PBXGroup;
			children = (
				4E98A3BB2A9CAD89003052D3 /* Resources */,
				4E98A3B32A9CA795003052D3 /* Models */,
				4E98A3B42A9CA7AD003052D3 /* Views */,
				4E98A3A42A9CA638003052D3 /* Controllers */,
				4E98A39C2A9CA57E003052D3 /* Info.plist */,
			);
			path = DiaryApp;
			sourceTree = "<group>";
		};
		4E98A3A42A9CA638003052D3 /* Controllers */ = {
			isa = PBXGroup;
			children = (
				4E98A3922A9CA57B003052D3 /* TabBarController.swift */,
				4E98A3A22A9CA634003052D3 /* HomeViewController.swift */,
				4E98A3A52A9CA6A6003052D3 /* NewDiaryViewController.swift */,
				4E98A3A72A9CA6B6003052D3 /* EditDiaryViewController.swift */,
				4E98A3A92A9CA6F6003052D3 /* ProgressListViewController.swift */,
				4E98A3AB2A9CA70B003052D3 /* DiaryListViewController.swift */,
				4E98A3AD2A9CA748003052D3 /* DetailDiaryViewController.swift */,
				4E98A3AF2A9CA762003052D3 /* DiaryProgressViewController.swift */,
				4E98A3B12A9CA781003052D3 /* DiaryCalenderViewController.swift */,
				4E98A3B52A9CAA16003052D3 /* ProfileViewController.swift */,
			);
			path = Controllers;
			sourceTree = "<group>";
		};
		4E98A3B32A9CA795003052D3 /* Models */ = {
			isa = PBXGroup;
			children = (
				4E98A3B72A9CAD27003052D3 /* User.swift */,
				4E98A3B92A9CAD60003052D3 /* Weather.swift */,
			);
			path = Models;
			sourceTree = "<group>";
		};
		4E98A3B42A9CA7AD003052D3 /* Views */ = {
			isa = PBXGroup;
			children = (
				4E98A3992A9CA57E003052D3 /* LaunchScreen.storyboard */,
				4E98A3BC2A9CB918003052D3 /* CustomCollectionView.swift */,
				4E98A3C02A9CCFB8003052D3 /* CustomImageView.swift */,
				4E1550882A9E0C6500C8A500 /* CustomStackView.swift */,
				4E15508A2A9E0DF500C8A500 /* CustomLabel.swift */,
				4E1550852A9E0BBB00C8A500 /* Cells */,
			);
			path = Views;
			sourceTree = "<group>";
		};
		4E98A3BB2A9CAD89003052D3 /* Resources */ = {
			isa = PBXGroup;
			children = (
				4E98A38E2A9CA57B003052D3 /* AppDelegate.swift */,
				4E98A3902A9CA57B003052D3 /* SceneDelegate.swift */,
				4E98A3972A9CA57E003052D3 /* Assets.xcassets */,
			);
			path = Resources;
			sourceTree = "<group>";
		};
/* End PBXGroup section */

/* Begin PBXNativeTarget section */
		4E98A38A2A9CA57B003052D3 /* DiaryApp */ = {
			isa = PBXNativeTarget;
			buildConfigurationList = 4E98A39F2A9CA57E003052D3 /* Build configuration list for PBXNativeTarget "DiaryApp" */;
			buildPhases = (
				4E98A3872A9CA57B003052D3 /* Sources */,
				4E98A3882A9CA57B003052D3 /* Frameworks */,
				4E98A3892A9CA57B003052D3 /* Resources */,
			);
			buildRules = (
			);
			dependencies = (
			);
			name = DiaryApp;
			productName = DiaryApp;
			productReference = 4E98A38B2A9CA57B003052D3 /* DiaryApp.app */;
			productType = "com.apple.product-type.application";
		};
/* End PBXNativeTarget section */

/* Begin PBXProject section */
		4E98A3832A9CA57B003052D3 /* Project object */ = {
			isa = PBXProject;
			attributes = {
				BuildIndependentTargetsInParallel = 1;
				LastSwiftUpdateCheck = 1430;
				LastUpgradeCheck = 1430;
				TargetAttributes = {
					4E98A38A2A9CA57B003052D3 = {
						CreatedOnToolsVersion = 14.3.1;
					};
				};
			};
			buildConfigurationList = 4E98A3862A9CA57B003052D3 /* Build configuration list for PBXProject "DiaryApp" */;
			compatibilityVersion = "Xcode 13.0";
			developmentRegion = en;
			hasScannedForEncodings = 0;
			knownRegions = (
				en,
				Base,
			);
			mainGroup = 4E98A3822A9CA57B003052D3;
			productRefGroup = 4E98A38C2A9CA57B003052D3 /* Products */;
			projectDirPath = "";
			projectRoot = "";
			targets = (
				4E98A38A2A9CA57B003052D3 /* DiaryApp */,
			);
		};
/* End PBXProject section */

/* Begin PBXResourcesBuildPhase section */
		4E98A3892A9CA57B003052D3 /* Resources */ = {
			isa = PBXResourcesBuildPhase;
			buildActionMask = 2147483647;
			files = (
				4E98A39B2A9CA57E003052D3 /* LaunchScreen.storyboard in Resources */,
				4E98A3982A9CA57E003052D3 /* Assets.xcassets in Resources */,
			);
			runOnlyForDeploymentPostprocessing = 0;
		};
/* End PBXResourcesBuildPhase section */

/* Begin PBXSourcesBuildPhase section */
		4E98A3872A9CA57B003052D3 /* Sources */ = {
			isa = PBXSourcesBuildPhase;
			buildActionMask = 2147483647;
			files = (
				4E98A3BD2A9CB918003052D3 /* CustomCollectionView.swift in Sources */,
				4E98A3932A9CA57B003052D3 /* TabBarController.swift in Sources */,
				4E98A38F2A9CA57B003052D3 /* AppDelegate.swift in Sources */,
				4E98A3912A9CA57B003052D3 /* SceneDelegate.swift in Sources */,
				4E98A3A32A9CA634003052D3 /* HomeViewController.swift in Sources */,
				4E98A3B22A9CA781003052D3 /* DiaryCalenderViewController.swift in Sources */,
				4E98A3A82A9CA6B6003052D3 /* EditDiaryViewController.swift in Sources */,
				4E1550842A9E049100C8A500 /* DiaryListCell.swift in Sources */,
				4E98A3BA2A9CAD60003052D3 /* Weather.swift in Sources */,
				4E98A3B82A9CAD27003052D3 /* User.swift in Sources */,
				4E98A3B62A9CAA16003052D3 /* ProfileViewController.swift in Sources */,
				4E15508B2A9E0DF500C8A500 /* CustomLabel.swift in Sources */,
				4E1550892A9E0C6500C8A500 /* CustomStackView.swift in Sources */,
				4E98A3BF2A9CBA1B003052D3 /* HomeFeedCell.swift in Sources */,
				4E98A3AE2A9CA748003052D3 /* DetailDiaryViewController.swift in Sources */,
				4E98A3AC2A9CA70B003052D3 /* DiaryListViewController.swift in Sources */,
				4E98A3B02A9CA762003052D3 /* DiaryProgressViewController.swift in Sources */,
				4E98A3A62A9CA6A6003052D3 /* NewDiaryViewController.swift in Sources */,
				4E98A3C12A9CCFB8003052D3 /* CustomImageView.swift in Sources */,
				4E98A3AA2A9CA6F6003052D3 /* ProgressListViewController.swift in Sources */,
			);
			runOnlyForDeploymentPostprocessing = 0;
		};
/* End PBXSourcesBuildPhase section */

/* Begin PBXVariantGroup section */
		4E98A3992A9CA57E003052D3 /* LaunchScreen.storyboard */ = {
			isa = PBXVariantGroup;
			children = (
				4E98A39A2A9CA57E003052D3 /* Base */,
			);
			name = LaunchScreen.storyboard;
			sourceTree = "<group>";
		};
/* End PBXVariantGroup section */

/* Begin XCBuildConfiguration section */
		4E98A39D2A9CA57E003052D3 /* Debug */ = {
			isa = XCBuildConfiguration;
			buildSettings = {
				ALWAYS_SEARCH_USER_PATHS = NO;
				CLANG_ANALYZER_NONNULL = YES;
				CLANG_ANALYZER_NUMBER_OBJECT_CONVERSION = YES_AGGRESSIVE;
				CLANG_CXX_LANGUAGE_STANDARD = "gnu++20";
				CLANG_ENABLE_MODULES = YES;
				CLANG_ENABLE_OBJC_ARC = YES;
				CLANG_ENABLE_OBJC_WEAK = YES;
				CLANG_WARN_BLOCK_CAPTURE_AUTORELEASING = YES;
				CLANG_WARN_BOOL_CONVERSION = YES;
				CLANG_WARN_COMMA = YES;
				CLANG_WARN_CONSTANT_CONVERSION = YES;
				CLANG_WARN_DEPRECATED_OBJC_IMPLEMENTATIONS = YES;
				CLANG_WARN_DIRECT_OBJC_ISA_USAGE = YES_ERROR;
				CLANG_WARN_DOCUMENTATION_COMMENTS = YES;
				CLANG_WARN_EMPTY_BODY = YES;
				CLANG_WARN_ENUM_CONVERSION = YES;
				CLANG_WARN_INFINITE_RECURSION = YES;
				CLANG_WARN_INT_CONVERSION = YES;
				CLANG_WARN_NON_LITERAL_NULL_CONVERSION = YES;
				CLANG_WARN_OBJC_IMPLICIT_RETAIN_SELF = YES;
				CLANG_WARN_OBJC_LITERAL_CONVERSION = YES;
				CLANG_WARN_OBJC_ROOT_CLASS = YES_ERROR;
				CLANG_WARN_QUOTED_INCLUDE_IN_FRAMEWORK_HEADER = YES;
				CLANG_WARN_RANGE_LOOP_ANALYSIS = YES;
				CLANG_WARN_STRICT_PROTOTYPES = YES;
				CLANG_WARN_SUSPICIOUS_MOVE = YES;
				CLANG_WARN_UNGUARDED_AVAILABILITY = YES_AGGRESSIVE;
				CLANG_WARN_UNREACHABLE_CODE = YES;
				CLANG_WARN__DUPLICATE_METHOD_MATCH = YES;
				COPY_PHASE_STRIP = NO;
				DEBUG_INFORMATION_FORMAT = dwarf;
				ENABLE_STRICT_OBJC_MSGSEND = YES;
				ENABLE_TESTABILITY = YES;
				GCC_C_LANGUAGE_STANDARD = gnu11;
				GCC_DYNAMIC_NO_PIC = NO;
				GCC_NO_COMMON_BLOCKS = YES;
				GCC_OPTIMIZATION_LEVEL = 0;
				GCC_PREPROCESSOR_DEFINITIONS = (
					"DEBUG=1",
					"$(inherited)",
				);
				GCC_WARN_64_TO_32_BIT_CONVERSION = YES;
				GCC_WARN_ABOUT_RETURN_TYPE = YES_ERROR;
				GCC_WARN_UNDECLARED_SELECTOR = YES;
				GCC_WARN_UNINITIALIZED_AUTOS = YES_AGGRESSIVE;
				GCC_WARN_UNUSED_FUNCTION = YES;
				GCC_WARN_UNUSED_VARIABLE = YES;
				IPHONEOS_DEPLOYMENT_TARGET = 16.4;
				MTL_ENABLE_DEBUG_INFO = INCLUDE_SOURCE;
				MTL_FAST_MATH = YES;
				ONLY_ACTIVE_ARCH = YES;
				SDKROOT = iphoneos;
				SWIFT_ACTIVE_COMPILATION_CONDITIONS = DEBUG;
				SWIFT_OPTIMIZATION_LEVEL = "-Onone";
			};
			name = Debug;
		};
		4E98A39E2A9CA57E003052D3 /* Release */ = {
			isa = XCBuildConfiguration;
			buildSettings = {
				ALWAYS_SEARCH_USER_PATHS = NO;
				CLANG_ANALYZER_NONNULL = YES;
				CLANG_ANALYZER_NUMBER_OBJECT_CONVERSION = YES_AGGRESSIVE;
				CLANG_CXX_LANGUAGE_STANDARD = "gnu++20";
				CLANG_ENABLE_MODULES = YES;
				CLANG_ENABLE_OBJC_ARC = YES;
				CLANG_ENABLE_OBJC_WEAK = YES;
				CLANG_WARN_BLOCK_CAPTURE_AUTORELEASING = YES;
				CLANG_WARN_BOOL_CONVERSION = YES;
				CLANG_WARN_COMMA = YES;
				CLANG_WARN_CONSTANT_CONVERSION = YES;
				CLANG_WARN_DEPRECATED_OBJC_IMPLEMENTATIONS = YES;
				CLANG_WARN_DIRECT_OBJC_ISA_USAGE = YES_ERROR;
				CLANG_WARN_DOCUMENTATION_COMMENTS = YES;
				CLANG_WARN_EMPTY_BODY = YES;
				CLANG_WARN_ENUM_CONVERSION = YES;
				CLANG_WARN_INFINITE_RECURSION = YES;
				CLANG_WARN_INT_CONVERSION = YES;
				CLANG_WARN_NON_LITERAL_NULL_CONVERSION = YES;
				CLANG_WARN_OBJC_IMPLICIT_RETAIN_SELF = YES;
				CLANG_WARN_OBJC_LITERAL_CONVERSION = YES;
				CLANG_WARN_OBJC_ROOT_CLASS = YES_ERROR;
				CLANG_WARN_QUOTED_INCLUDE_IN_FRAMEWORK_HEADER = YES;
				CLANG_WARN_RANGE_LOOP_ANALYSIS = YES;
				CLANG_WARN_STRICT_PROTOTYPES = YES;
				CLANG_WARN_SUSPICIOUS_MOVE = YES;
				CLANG_WARN_UNGUARDED_AVAILABILITY = YES_AGGRESSIVE;
				CLANG_WARN_UNREACHABLE_CODE = YES;
				CLANG_WARN__DUPLICATE_METHOD_MATCH = YES;
				COPY_PHASE_STRIP = NO;
				DEBUG_INFORMATION_FORMAT = "dwarf-with-dsym";
				ENABLE_NS_ASSERTIONS = NO;
				ENABLE_STRICT_OBJC_MSGSEND = YES;
				GCC_C_LANGUAGE_STANDARD = gnu11;
				GCC_NO_COMMON_BLOCKS = YES;
				GCC_WARN_64_TO_32_BIT_CONVERSION = YES;
				GCC_WARN_ABOUT_RETURN_TYPE = YES_ERROR;
				GCC_WARN_UNDECLARED_SELECTOR = YES;
				GCC_WARN_UNINITIALIZED_AUTOS = YES_AGGRESSIVE;
				GCC_WARN_UNUSED_FUNCTION = YES;
				GCC_WARN_UNUSED_VARIABLE = YES;
				IPHONEOS_DEPLOYMENT_TARGET = 16.4;
				MTL_ENABLE_DEBUG_INFO = NO;
				MTL_FAST_MATH = YES;
				SDKROOT = iphoneos;
				SWIFT_COMPILATION_MODE = wholemodule;
				SWIFT_OPTIMIZATION_LEVEL = "-O";
				VALIDATE_PRODUCT = YES;
			};
			name = Release;
		};
		4E98A3A02A9CA57E003052D3 /* Debug */ = {
			isa = XCBuildConfiguration;
			buildSettings = {
				ASSETCATALOG_COMPILER_APPICON_NAME = AppIcon;
				ASSETCATALOG_COMPILER_GLOBAL_ACCENT_COLOR_NAME = AccentColor;
				CODE_SIGN_STYLE = Automatic;
				CURRENT_PROJECT_VERSION = 1;
				DEVELOPMENT_TEAM = 4MN45GZSDT;
				GENERATE_INFOPLIST_FILE = YES;
				INFOPLIST_FILE = DiaryApp/Info.plist;
				INFOPLIST_KEY_UIApplicationSupportsIndirectInputEvents = YES;
				INFOPLIST_KEY_UILaunchStoryboardName = LaunchScreen;
				INFOPLIST_KEY_UISupportedInterfaceOrientations_iPad = "UIInterfaceOrientationPortrait UIInterfaceOrientationPortraitUpsideDown UIInterfaceOrientationLandscapeLeft UIInterfaceOrientationLandscapeRight";
				INFOPLIST_KEY_UISupportedInterfaceOrientations_iPhone = "UIInterfaceOrientationPortrait UIInterfaceOrientationLandscapeLeft UIInterfaceOrientationLandscapeRight";
				IPHONEOS_DEPLOYMENT_TARGET = 13.0;
				LD_RUNPATH_SEARCH_PATHS = (
					"$(inherited)",
					"@executable_path/Frameworks",
				);
				MARKETING_VERSION = 1.0;
				PRODUCT_BUNDLE_IDENTIFIER = com.Junwoo.Momo8282.DiaryApp;
				PRODUCT_NAME = "$(TARGET_NAME)";
				SWIFT_EMIT_LOC_STRINGS = YES;
				SWIFT_VERSION = 5.0;
				TARGETED_DEVICE_FAMILY = "1,2";
			};
			name = Debug;
		};
		4E98A3A12A9CA57E003052D3 /* Release */ = {
			isa = XCBuildConfiguration;
			buildSettings = {
				ASSETCATALOG_COMPILER_APPICON_NAME = AppIcon;
				ASSETCATALOG_COMPILER_GLOBAL_ACCENT_COLOR_NAME = AccentColor;
				CODE_SIGN_STYLE = Automatic;
				CURRENT_PROJECT_VERSION = 1;
				DEVELOPMENT_TEAM = 4MN45GZSDT;
				GENERATE_INFOPLIST_FILE = YES;
				INFOPLIST_FILE = DiaryApp/Info.plist;
				INFOPLIST_KEY_UIApplicationSupportsIndirectInputEvents = YES;
				INFOPLIST_KEY_UILaunchStoryboardName = LaunchScreen;
				INFOPLIST_KEY_UISupportedInterfaceOrientations_iPad = "UIInterfaceOrientationPortrait UIInterfaceOrientationPortraitUpsideDown UIInterfaceOrientationLandscapeLeft UIInterfaceOrientationLandscapeRight";
				INFOPLIST_KEY_UISupportedInterfaceOrientations_iPhone = "UIInterfaceOrientationPortrait UIInterfaceOrientationLandscapeLeft UIInterfaceOrientationLandscapeRight";
				IPHONEOS_DEPLOYMENT_TARGET = 13.0;
				LD_RUNPATH_SEARCH_PATHS = (
					"$(inherited)",
					"@executable_path/Frameworks",
				);
				MARKETING_VERSION = 1.0;
				PRODUCT_BUNDLE_IDENTIFIER = com.Junwoo.Momo8282.DiaryApp;
				PRODUCT_NAME = "$(TARGET_NAME)";
				SWIFT_EMIT_LOC_STRINGS = YES;
				SWIFT_VERSION = 5.0;
				TARGETED_DEVICE_FAMILY = "1,2";
			};
			name = Release;
		};
/* End XCBuildConfiguration section */

/* Begin XCConfigurationList section */
		4E98A3862A9CA57B003052D3 /* Build configuration list for PBXProject "DiaryApp" */ = {
			isa = XCConfigurationList;
			buildConfigurations = (
				4E98A39D2A9CA57E003052D3 /* Debug */,
				4E98A39E2A9CA57E003052D3 /* Release */,
			);
			defaultConfigurationIsVisible = 0;
			defaultConfigurationName = Release;
		};
		4E98A39F2A9CA57E003052D3 /* Build configuration list for PBXNativeTarget "DiaryApp" */ = {
			isa = XCConfigurationList;
			buildConfigurations = (
				4E98A3A02A9CA57E003052D3 /* Debug */,
				4E98A3A12A9CA57E003052D3 /* Release */,
			);
			defaultConfigurationIsVisible = 0;
			defaultConfigurationName = Release;
		};
/* End XCConfigurationList section */
	};
	rootObject = 4E98A3832A9CA57B003052D3 /* Project object */;
}
